{
  "name": "@gg-utils/local-edge-core",
  "version": "0.1.0",
  "lockfileVersion": 3,
  "requires": true,
  "packages": {
    "": {
      "name": "@gg-utils/local-edge-core",
      "version": "0.1.0",
      "license": "UNLICENSED",
      "bin": {
        "local-edge": "bin/local-edge.js"
      },
      "engines": {
        "node": ">=24.11.1 <25",
        "npm": ">=9.0.0"
      }
    }
  }
}
